
Microsoft Visual Studio Solution File, Format Version 12.00
# Visual Studio 15
VisualStudioVersion = 15.0.27130.2027
MinimumVisualStudioVersion = 10.0.40219.1
Project("{FAE04EC0-301F-11D3-BF4B-00C04F79EFBC}") = "YC.Microsoft.Cognitive.Luis.Programmatic", "YC.Microsoft.Cognitive.Luis.Programmatic\YC.Microsoft.Cognitive.Luis.Programmatic.csproj", "{1B4F8C47-321C-48A0-83A2-AE19299D8790}"
EndProject
Global
	GlobalSection(SolutionConfigurationPlatforms) = preSolution
		Debug|Any CPU = Debug|Any CPU
		Release|Any CPU = Release|Any CPU
	EndGlobalSection
	GlobalSection(ProjectConfigurationPlatforms) = postSolution
		{1B4F8C47-321C-48A0-83A2-AE19299D8790}.Debug|Any CPU.ActiveCfg = Debug|Any CPU
		{1B4F8C47-321C-48A0-83A2-AE19299D8790}.Debug|Any CPU.Build.0 = Debug|Any CPU
		{1B4F8C47-321C-48A0-83A2-AE19299D8790}.Release|Any CPU.ActiveCfg = Release|Any CPU
		{1B4F8C47-321C-48A0-83A2-AE19299D8790}.Release|Any CPU.Build.0 = Release|Any CPU
	EndGlobalSection
	GlobalSection(SolutionProperties) = preSolution
		HideSolutionNode = FALSE
	EndGlobalSection
	GlobalSection(ExtensibilityGlobals) = postSolution
		SolutionGuid = {DB35CC8F-C29C-493B-832F-D6FD7C81F29E}
	EndGlobalSection
EndGlobal
